// !$*UTF8*$!
{
	archiveVersion = 1;
	classes = {
	};
	objectVersion = 48;
	objects = {

/* Begin PBXBuildFile section */
		2418CCB7203338E6004D740F /* AppDelegate.swift in Sources */ = {isa = PBXBuildFile; fileRef = 2418CCB6203338E6004D740F /* AppDelegate.swift */; };
		2418CCB9203338E6004D740F /* ViewController.swift in Sources */ = {isa = PBXBuildFile; fileRef = 2418CCB8203338E6004D740F /* ViewController.swift */; };
		2418CCBC203338E6004D740F /* Main.storyboard in Resources */ = {isa = PBXBuildFile; fileRef = 2418CCBA203338E6004D740F /* Main.storyboard */; };
		2418CCBE203338E6004D740F /* Assets.xcassets in Resources */ = {isa = PBXBuildFile; fileRef = 2418CCBD203338E6004D740F /* Assets.xcassets */; };
		2418CCC1203338E6004D740F /* LaunchScreen.storyboard in Resources */ = {isa = PBXBuildFile; fileRef = 2418CCBF203338E6004D740F /* LaunchScreen.storyboard */; };
		24B15ED52091FEFA002AEDA6 /* CoreLocation.framework in Frameworks */ = {isa = PBXBuildFile; fileRef = 24B15ED42091FEFA002AEDA6 /* CoreLocation.framework */; };
/* End PBXBuildFile section */

/* Begin PBXFileReference section */
		2418CCB3203338E6004D740F /* MapKitDemo.app */ = {isa = PBXFileReference; explicitFileType = wrapper.application; includeInIndex = 0; path = MapKitDemo.app; sourceTree = BUILT_PRODUCTS_DIR; };
		2418CCB6203338E6004D740F /* AppDelegate.swift */ = {isa = PBXFileReference; lastKnownFileType = sourcecode.swift; path = AppDelegate.swift; sourceTree = "<group>"; };
		2418CCB8203338E6004D740F /* ViewController.swift */ = {isa = PBXFileReference; lastKnownFileType = sourcecode.swift; path = ViewController.swift; sourceTree = "<group>"; };
		2418CCBB203338E6004D740F /* Base */ = {isa = PBXFileReference; lastKnownFileType = file.storyboard; name = Base; path = Base.lproj/Main.storyboard; sourceTree = "<group>"; };
		2418CCBD203338E6004D740F /* Assets.xcassets */ = {isa = PBXFileReference; lastKnownFileType = folder.assetcatalog; path = Assets.xcassets; sourceTree = "<group>"; };
		2418CCC0203338E6004D740F /* Base */ = {isa = PBXFileReference; lastKnownFileType = file.storyboard; name = Base; path = Base.lproj/LaunchScreen.storyboard; sourceTree = "<group>"; };
		2418CCC2203338E6004D740F /* Info.plist */ = {isa = PBXFileReference; lastKnownFileType = text.plist.xml; path = Info.plist; sourceTree = "<group>"; };
		24B15ED42091FEFA002AEDA6 /* CoreLocation.framework */ = {isa = PBXFileReference; lastKnownFileType = wrapper.framework; name = CoreLocation.framework; path = System/Library/Frameworks/CoreLocation.framework; sourceTree = SDKROOT; };
/* End PBXFileReference section */

/* Begin PBXFrameworksBuildPhase section */
		2418CCB0203338E6004D740F /* Frameworks */ = {
			isa = PBXFrameworksBuildPhase;
			buildActionMask = 2147483647;
			files = (
				24B15ED52091FEFA002AEDA6 /* CoreLocation.framework in Frameworks */,
			);
			runOnlyForDeploymentPostprocessing = 0;
		};
/* End PBXFrameworksBuildPhase section */

/* Begin PBXGroup section */
		2418CCAA203338E6004D740F = {
			isa = PBXGroup;
			children = (
				2418CCB5203338E6004D740F /* MapKitDemo */,
				2418CCB4203338E6004D740F /* Products */,
				24B15ED32091FEF9002AEDA6 /* Frameworks */,
			);
			sourceTree = "<group>";
		};
		2418CCB4203338E6004D740F /* Products */ = {
			isa = PBXGroup;
			children = (
				2418CCB3203338E6004D740F /* MapKitDemo.app */,
			);
			name = Products;
			sourceTree = "<group>";
		};
		2418CCB5203338E6004D740F /* MapKitDemo */ = {
			isa = PBXGroup;
			children = (
				2418CCB6203338E6004D740F /* AppDelegate.swift */,
				2418CCB8203338E6004D740F /* ViewController.swift */,
				2418CCBA203338E6004D740F /* Main.storyboard */,
				2418CCBD203338E6004D740F /* Assets.xcassets */,
				2418CCBF203338E6004D740F /* LaunchScreen.storyboard */,
				2418CCC2203338E6004D740F /* Info.plist */,
			);
			path = MapKitDemo;
			sourceTree = "<group>";
		};
		24B15ED32091FEF9002AEDA6 /* Frameworks */ = {
			isa = PBXGroup;
			children = (
				24B15ED42091FEFA002AEDA6 /* CoreLocation.framework */,
			);
			name = Frameworks;
			sourceTree = "<group>";
		};
/* End PBXGroup section */

/* Begin PBXNativeTarget section */
		2418CCB2203338E6004D740F /* MapKitDemo */ = {
			isa = PBXNativeTarget;
			buildConfigurationList = 2418CCC5203338E6004D740F /* Build configuration list for PBXNativeTarget "MapKitDemo" */;
			buildPhases = (
				2418CCAF203338E6004D740F /* Sources */,
				2418CCB0203338E6004D740F /* Frameworks */,
				2418CCB1203338E6004D740F /* Resources */,
			);
			buildRules = (
			);
			dependencies = (
			);
			name = MapKitDemo;
			productName = MapKitDemo;
			productReference = 2418CCB3203338E6004D740F /* MapKitDemo.app */;
			productType = "com.apple.product-type.application";
		};
/* End PBXNativeTarget section */

/* Begin PBXProject section */
		2418CCAB203338E6004D740F /* Project object */ = {
			isa = PBXProject;
			attributes = {
				LastSwiftUpdateCheck = 0920;
				LastUpgradeCheck = 0920;
				ORGANIZATIONNAME = "宋 奎熹";
				TargetAttributes = {
					2418CCB2203338E6004D740F = {
						CreatedOnToolsVersion = 9.2;
						ProvisioningStyle = Automatic;
					};
				};
			};
			buildConfigurationList = 2418CCAE203338E6004D740F /* Build configuration list for PBXProject "MapKitDemo" */;
			compatibilityVersion = "Xcode 8.0";
			developmentRegion = en;
			hasScannedForEncodings = 0;
			knownRegions = (
				en,
				Base,
			);
			mainGroup = 2418CCAA203338E6004D740F;
			productRefGroup = 2418CCB4203338E6004D740F /* Products */;
			projectDirPath = "";
			projectRoot = "";
			targets = (
				2418CCB2203338E6004D740F /* MapKitDemo */,
			);
		};
/* End PBXProject section */

/* Begin PBXResourcesBuildPhase section */
		2418CCB1203338E6004D740F /* Resources */ = {
			isa = PBXResourcesBuildPhase;
			buildActionMask = 2147483647;
			files = (
				2418CCC1203338E6004D740F /* LaunchScreen.storyboard in Resources */,
				2418CCBE203338E6004D740F /* Assets.xcassets in Resources */,
				2418CCBC203338E6004D740F /* Main.storyboard in Resources */,
			);
			runOnlyForDeploymentPostprocessing = 0;
		};
/* End PBXResourcesBuildPhase section */

/* Begin PBXSourcesBuildPhase section */
		2418CCAF203338E6004D740F /* Sources */ = {
			isa = PBXSourcesBuildPhase;
			buildActionMask = 2147483647;
			files = (
				2418CCB9203338E6004D740F /* ViewController.swift in Sources */,
				2418CCB7203338E6004D740F /* AppDelegate.swift in Sources */,
			);
			runOnlyForDeploymentPostprocessing = 0;
		};
/* End PBXSourcesBuildPhase section */

/* Begin PBXVariantGroup section */
		2418CCBA203338E6004D740F /* Main.storyboard */ = {
			isa = PBXVariantGroup;
			children = (
				2418CCBB203338E6004D740F /* Base */,
			);
			name = Main.storyboard;
			sourceTree = "<group>";
		};
		2418CCBF203338E6004D740F /* LaunchScreen.storyboard */ = {
			isa = PBXVariantGroup;
			children = (
				2418CCC0203338E6004D740F /* Base */,
			);
			name = LaunchScreen.storyboard;
			sourceTree = "<group>";
		};
/* End PBXVariantGroup section */

/* Begin XCBuildConfiguration section */
		2418CCC3203338E6004D740F /* Debug */ = {
			isa = XCBuildConfiguration;
			buildSettings = {
				ALWAYS_SEARCH_USER_PATHS = NO;
				CLANG_ANALYZER_NONNULL = YES;
				CLANG_ANALYZER_NUMBER_OBJECT_CONVERSION = YES_AGGRESSIVE;
				CLANG_CXX_LANGUAGE_STANDARD = "gnu++14";
				CLANG_CXX_LIBRARY = "libc++";
				CLANG_ENABLE_MODULES = YES;
				CLANG_ENABLE_OBJC_ARC = YES;
				CLANG_WARN_BLOCK_CAPTURE_AUTORELEASING = YES;
				CLANG_WARN_BOOL_CONVERSION = YES;
				CLANG_WARN_COMMA = YES;
				CLANG_WARN_CONSTANT_CONVERSION = YES;
				CLANG_WARN_DIRECT_OBJC_ISA_USAGE = YES_ERROR;
				CLANG_WARN_DOCUMENTATION_COMMENTS = YES;
				CLANG_WARN_EMPTY_BODY = YES;
				CLANG_WARN_ENUM_CONVERSION = YES;
				CLANG_WARN_INFINITE_RECURSION = YES;
				CLANG_WARN_INT_CONVERSION = YES;
				CLANG_WARN_NON_LITERAL_NULL_CONVERSION = YES;
				CLANG_WARN_OBJC_LITERAL_CONVERSION = YES;
				CLANG_WARN_OBJC_ROOT_CLASS = YES_ERROR;
				CLANG_WARN_RANGE_LOOP_ANALYSIS = YES;
				CLANG_WARN_STRICT_PROTOTYPES = YES;
				CLANG_WARN_SUSPICIOUS_MOVE = YES;
				CLANG_WARN_UNGUARDED_AVAILABILITY = YES_AGGRESSIVE;
				CLANG_WARN_UNREACHABLE_CODE = YES;
				CLANG_WARN__DUPLICATE_METHOD_MATCH = YES;
				CODE_SIGN_IDENTITY = "iPhone Developer";
				COPY_PHASE_STRIP = NO;
				DEBUG_INFORMATION_FORMAT = dwarf;
				ENABLE_STRICT_OBJC_MSGSEND = YES;
				ENABLE_TESTABILITY = YES;
				GCC_C_LANGUAGE_STANDARD = gnu11;
				GCC_DYNAMIC_NO_PIC = NO;
				GCC_NO_COMMON_BLOCKS = YES;
				GCC_OPTIMIZATION_LEVEL = 0;
				GCC_PREPROCESSOR_DEFINITIONS = (
					"DEBUG=1",
					"$(inherited)",
				);
				GCC_WARN_64_TO_32_BIT_CONVERSION = YES;
				GCC_WARN_ABOUT_RETURN_TYPE = YES_ERROR;
				GCC_WARN_UNDECLARED_SELECTOR = YES;
				GCC_WARN_UNINITIALIZED_AUTOS = YES_AGGRESSIVE;
				GCC_WARN_UNUSED_FUNCTION = YES;
				GCC_WARN_UNUSED_VARIABLE = YES;
				IPHONEOS_DEPLOYMENT_TARGET = 11.2;
				MTL_ENABLE_DEBUG_INFO = YES;
				ONLY_ACTIVE_ARCH = YES;
				SDKROOT = iphoneos;
				SWIFT_ACTIVE_COMPILATION_CONDITIONS = DEBUG;
				SWIFT_OPTIMIZATION_LEVEL = "-Onone";
			};
			name = Debug;
		};
		2418CCC4203338E6004D740F /* Release */ = {
			isa = XCBuildConfiguration;
			buildSettings = {
				ALWAYS_SEARCH_USER_PATHS = NO;
				CLANG_ANALYZER_NONNULL = YES;
				CLANG_ANALYZER_NUMBER_OBJECT_CONVERSION = YES_AGGRESSIVE;
				CLANG_CXX_LANGUAGE_STANDARD = "gnu++14";
				CLANG_CXX_LIBRARY = "libc++";
				CLANG_ENABLE_MODULES = YES;
				CLANG_ENABLE_OBJC_ARC = YES;
				CLANG_WARN_BLOCK_CAPTURE_AUTORELEASING = YES;
				CLANG_WARN_BOOL_CONVERSION = YES;
				CLANG_WARN_COMMA = YES;
				CLANG_WARN_CONSTANT_CONVERSION = YES;
				CLANG_WARN_DIRECT_OBJC_ISA_USAGE = YES_ERROR;
				CLANG_WARN_DOCUMENTATION_COMMENTS = YES;
				CLANG_WARN_EMPTY_BODY = YES;
				CLANG_WARN_ENUM_CONVERSION = YES;
				CLANG_WARN_INFINITE_RECURSION = YES;
				CLANG_WARN_INT_CONVERSION = YES;
				CLANG_WARN_NON_LITERAL_NULL_CONVERSION = YES;
				CLANG_WARN_OBJC_LITERAL_CONVERSION = YES;
				CLANG_WARN_OBJC_ROOT_CLASS = YES_ERROR;
				CLANG_WARN_RANGE_LOOP_ANALYSIS = YES;
				CLANG_WARN_STRICT_PROTOTYPES = YES;
				CLANG_WARN_SUSPICIOUS_MOVE = YES;
				CLANG_WARN_UNGUARDED_AVAILABILITY = YES_AGGRESSIVE;
				CLANG_WARN_UNREACHABLE_CODE = YES;
				CLANG_WARN__DUPLICATE_METHOD_MATCH = YES;
				CODE_SIGN_IDENTITY = "iPhone Developer";
				COPY_PHASE_STRIP = NO;
				DEBUG_INFORMATION_FORMAT = "dwarf-with-dsym";
				ENABLE_NS_ASSERTIONS = NO;
				ENABLE_STRICT_OBJC_MSGSEND = YES;
				GCC_C_LANGUAGE_STANDARD = gnu11;
				GCC_NO_COMMON_BLOCKS = YES;
				GCC_WARN_64_TO_32_BIT_CONVERSION = YES;
				GCC_WARN_ABOUT_RETURN_TYPE = YES_ERROR;
				GCC_WARN_UNDECLARED_SELECTOR = YES;
				GCC_WARN_UNINITIALIZED_AUTOS = YES_AGGRESSIVE;
				GCC_WARN_UNUSED_FUNCTION = YES;
				GCC_WARN_UNUSED_VARIABLE = YES;
				IPHONEOS_DEPLOYMENT_TARGET = 11.2;
				MTL_ENABLE_DEBUG_INFO = NO;
				SDKROOT = iphoneos;
				SWIFT_OPTIMIZATION_LEVEL = "-Owholemodule";
				VALIDATE_PRODUCT = YES;
			};
			name = Release;
		};
		2418CCC6203338E6004D740F /* Debug */ = {
			isa = XCBuildConfiguration;
			buildSettings = {
				ASSETCATALOG_COMPILER_APPICON_NAME = AppIcon;
				CODE_SIGN_STYLE = Automatic;
				DEVELOPMENT_TEAM = VEBQ28K9EA;
				INFOPLIST_FILE = MapKitDemo/Info.plist;
				LD_RUNPATH_SEARCH_PATHS = "$(inherited) @executable_path/Frameworks";
				PRODUCT_BUNDLE_IDENTIFIER = com.krayc.MapKitDemo;
				PRODUCT_NAME = "$(TARGET_NAME)";
				SWIFT_VERSION = 4.0;
				TARGETED_DEVICE_FAMILY = "1,2";
			};
			name = Debug;
		};
		2418CCC7203338E6004D740F /* Release */ = {
			isa = XCBuildConfiguration;
			buildSettings = {
				ASSETCATALOG_COMPILER_APPICON_NAME = AppIcon;
				CODE_SIGN_STYLE = Automatic;
				DEVELOPMENT_TEAM = VEBQ28K9EA;
				INFOPLIST_FILE = MapKitDemo/Info.plist;
				LD_RUNPATH_SEARCH_PATHS = "$(inherited) @executable_path/Frameworks";
				PRODUCT_BUNDLE_IDENTIFIER = com.krayc.MapKitDemo;
				PRODUCT_NAME = "$(TARGET_NAME)";
				SWIFT_VERSION = 4.0;
				TARGETED_DEVICE_FAMILY = "1,2";
			};
			name = Release;
		};
/* End XCBuildConfiguration section */

/* Begin XCConfigurationList section */
		2418CCAE203338E6004D740F /* Build configuration list for PBXProject "MapKitDemo" */ = {
			isa = XCConfigurationList;
			buildConfigurations = (
				2418CCC3203338E6004D740F /* Debug */,
				2418CCC4203338E6004D740F /* Release */,
			);
			defaultConfigurationIsVisible = 0;
			defaultConfigurationName = Release;
		};
		2418CCC5203338E6004D740F /* Build configuration list for PBXNativeTarget "MapKitDemo" */ = {
			isa = XCConfigurationList;
			buildConfigurations = (
				2418CCC6203338E6004D740F /* Debug */,
				2418CCC7203338E6004D740F /* Release */,
			);
			defaultConfigurationIsVisible = 0;
			defaultConfigurationName = Release;
		};
/* End XCConfigurationList section */
	};
	rootObject = 2418CCAB203338E6004D740F /* Project object */;
}
